
Microsoft Visual Studio Solution File, Format Version 12.00
# Visual Studio Version 16
VisualStudioVersion = 16.0.32228.343
MinimumVisualStudioVersion = 10.0.40219.1
Project("{FAE04EC0-301F-11D3-BF4B-00C04F79EFBC}") = "BasicCoreProgram", "BasicCoreProgram\BasicCoreProgram.csproj", "{B72389A6-7649-4FAC-B34D-67CD0BAE16CF}"
EndProject
Global
	GlobalSection(SolutionConfigurationPlatforms) = preSolution
		Debug|Any CPU = Debug|Any CPU
		Release|Any CPU = Release|Any CPU
	EndGlobalSection
	GlobalSection(ProjectConfigurationPlatforms) = postSolution
		{B72389A6-7649-4FAC-B34D-67CD0BAE16CF}.Debug|Any CPU.ActiveCfg = Debug|Any CPU
		{B72389A6-7649-4FAC-B34D-67CD0BAE16CF}.Debug|Any CPU.Build.0 = Debug|Any CPU
		{B72389A6-7649-4FAC-B34D-67CD0BAE16CF}.Release|Any CPU.ActiveCfg = Release|Any CPU
		{B72389A6-7649-4FAC-B34D-67CD0BAE16CF}.Release|Any CPU.Build.0 = Release|Any CPU
	EndGlobalSection
	GlobalSection(SolutionProperties) = preSolution
		HideSolutionNode = FALSE
	EndGlobalSection
	GlobalSection(ExtensibilityGlobals) = postSolution
		SolutionGuid = {33151169-9335-4879-AC64-5E32AE7FA7AD}
	EndGlobalSection
EndGlobal
